# THIS IS AN AUTOGENERATED FILE. DO NOT EDIT THIS FILE DIRECTLY.
# yarn lockfile v1


bignumber.js@^6.0.0:
  version "6.0.0"
  resolved "https://registry.yarnpkg.com/bignumber.js/-/bignumber.js-6.0.0.tgz#bbfa047644609a5af093e9cbd83b0461fa3f6002"
  integrity sha512-x247jIuy60/+FtMRvscqfxtVHQf8AGx2hm9c6btkgC0x/hp9yt+teISNhvF8WlwRkCc5yF2fDECH8SIMe8j+GA==

node-assist@^0.4.0:
  version "0.4.0"
  resolved "https://registry.yarnpkg.com/node-assist/-/node-assist-0.4.0.tgz#c0e5522ff8f3c2bdd33c0204599e4ddeab912ca8"
  integrity sha512-g0mc1MUZobwSx5+9Aekj+1Hx4E6ljzbS0iZBA3+32mPsju/TSTdMxO87q4pgs7qJyM8fS9ZY1YnV9v8sHzFGIQ==
  dependencies:
    bignumber.js "^6.0.0"
    regenerator-runtime "^0.13.1"

regenerator-runtime@^0.13.1:
  version "0.13.1"
  resolved "https://registry.yarnpkg.com/regenerator-runtime/-/regenerator-runtime-0.13.1.tgz#522ea2aafd9200a00eee143dc14219a35a0f3991"
  integrity sha512-5KzMIyPLvfdPmvsdlYsHqITrDfK9k7bmvf97HvHSN4810i254ponbxCQ1NukpRWlu6en2MBWzAlhDExEKISwAA==
